
Microsoft Visual Studio Solution File, Format Version 12.00
# Visual Studio Version 17
VisualStudioVersion = 17.1.32421.90
MinimumVisualStudioVersion = 10.0.40219.1
Project("{FAE04EC0-301F-11D3-BF4B-00C04F79EFBC}") = "710MB", "710MB\710MB.csproj", "{E0585DA2-9C1A-4726-B839-FB06E84AC785}"
EndProject
Global
	GlobalSection(SolutionConfigurationPlatforms) = preSolution
		Debug|Any CPU = Debug|Any CPU
		Release|Any CPU = Release|Any CPU
	EndGlobalSection
	GlobalSection(ProjectConfigurationPlatforms) = postSolution
		{E0585DA2-9C1A-4726-B839-FB06E84AC785}.Debug|Any CPU.ActiveCfg = Debug|Any CPU
		{E0585DA2-9C1A-4726-B839-FB06E84AC785}.Debug|Any CPU.Build.0 = Debug|Any CPU
		{E0585DA2-9C1A-4726-B839-FB06E84AC785}.Release|Any CPU.ActiveCfg = Release|Any CPU
		{E0585DA2-9C1A-4726-B839-FB06E84AC785}.Release|Any CPU.Build.0 = Release|Any CPU
	EndGlobalSection
	GlobalSection(SolutionProperties) = preSolution
		HideSolutionNode = FALSE
	EndGlobalSection
	GlobalSection(ExtensibilityGlobals) = postSolution
		SolutionGuid = {AF0D4159-200E-496B-8F96-975055A383D4}
	EndGlobalSection
EndGlobal
